// !$*UTF8*$!
{
	archiveVersion = 1;
	classes = {
	};
	objectVersion = 48;
	objects = {

/* Begin PBXBuildFile section */
		04EF4B3C204FC84300165762 /* AppDelegate.m in Sources */ = {isa = PBXBuildFile; fileRef = 04EF4B3B204FC84300165762 /* AppDelegate.m */; };
		04EF4B3F204FC84300165762 /* ViewController.m in Sources */ = {isa = PBXBuildFile; fileRef = 04EF4B3E204FC84300165762 /* ViewController.m */; };
		04EF4B42204FC84300165762 /* Main.storyboard in Resources */ = {isa = PBXBuildFile; fileRef = 04EF4B40204FC84300165762 /* Main.storyboard */; };
		04EF4B44204FC84300165762 /* Assets.xcassets in Resources */ = {isa = PBXBuildFile; fileRef = 04EF4B43204FC84300165762 /* Assets.xcassets */; };
		04EF4B47204FC84300165762 /* LaunchScreen.storyboard in Resources */ = {isa = PBXBuildFile; fileRef = 04EF4B45204FC84300165762 /* LaunchScreen.storyboard */; };
		04EF4B4A204FC84300165762 /* main.m in Sources */ = {isa = PBXBuildFile; fileRef = 04EF4B49204FC84300165762 /* main.m */; };
/* End PBXBuildFile section */

/* Begin PBXFileReference section */
		04EF4B37204FC84300165762 /* 弹出全屏的自定义View.app */ = {isa = PBXFileReference; explicitFileType = wrapper.application; includeInIndex = 0; path = "弹出全屏的自定义View.app"; sourceTree = BUILT_PRODUCTS_DIR; };
		04EF4B3A204FC84300165762 /* AppDelegate.h */ = {isa = PBXFileReference; lastKnownFileType = sourcecode.c.h; path = AppDelegate.h; sourceTree = "<group>"; };
		04EF4B3B204FC84300165762 /* AppDelegate.m */ = {isa = PBXFileReference; lastKnownFileType = sourcecode.c.objc; path = AppDelegate.m; sourceTree = "<group>"; };
		04EF4B3D204FC84300165762 /* ViewController.h */ = {isa = PBXFileReference; lastKnownFileType = sourcecode.c.h; path = ViewController.h; sourceTree = "<group>"; };
		04EF4B3E204FC84300165762 /* ViewController.m */ = {isa = PBXFileReference; lastKnownFileType = sourcecode.c.objc; path = ViewController.m; sourceTree = "<group>"; };
		04EF4B41204FC84300165762 /* Base */ = {isa = PBXFileReference; lastKnownFileType = file.storyboard; name = Base; path = Base.lproj/Main.storyboard; sourceTree = "<group>"; };
		04EF4B43204FC84300165762 /* Assets.xcassets */ = {isa = PBXFileReference; lastKnownFileType = folder.assetcatalog; path = Assets.xcassets; sourceTree = "<group>"; };
		04EF4B46204FC84300165762 /* Base */ = {isa = PBXFileReference; lastKnownFileType = file.storyboard; name = Base; path = Base.lproj/LaunchScreen.storyboard; sourceTree = "<group>"; };
		04EF4B48204FC84300165762 /* Info.plist */ = {isa = PBXFileReference; lastKnownFileType = text.plist.xml; path = Info.plist; sourceTree = "<group>"; };
		04EF4B49204FC84300165762 /* main.m */ = {isa = PBXFileReference; lastKnownFileType = sourcecode.c.objc; path = main.m; sourceTree = "<group>"; };
/* End PBXFileReference section */

/* Begin PBXFrameworksBuildPhase section */
		04EF4B34204FC84300165762 /* Frameworks */ = {
			isa = PBXFrameworksBuildPhase;
			buildActionMask = 2147483647;
			files = (
			);
			runOnlyForDeploymentPostprocessing = 0;
		};
/* End PBXFrameworksBuildPhase section */

/* Begin PBXGroup section */
		04EF4B2E204FC84300165762 = {
			isa = PBXGroup;
			children = (
				04EF4B39204FC84300165762 /* 弹出全屏的自定义View */,
				04EF4B38204FC84300165762 /* Products */,
			);
			sourceTree = "<group>";
		};
		04EF4B38204FC84300165762 /* Products */ = {
			isa = PBXGroup;
			children = (
				04EF4B37204FC84300165762 /* 弹出全屏的自定义View.app */,
			);
			name = Products;
			sourceTree = "<group>";
		};
		04EF4B39204FC84300165762 /* 弹出全屏的自定义View */ = {
			isa = PBXGroup;
			children = (
				04EF4B3A204FC84300165762 /* AppDelegate.h */,
				04EF4B3B204FC84300165762 /* AppDelegate.m */,
				04EF4B3D204FC84300165762 /* ViewController.h */,
				04EF4B3E204FC84300165762 /* ViewController.m */,
				04EF4B40204FC84300165762 /* Main.storyboard */,
				04EF4B43204FC84300165762 /* Assets.xcassets */,
				04EF4B45204FC84300165762 /* LaunchScreen.storyboard */,
				04EF4B48204FC84300165762 /* Info.plist */,
				04EF4B49204FC84300165762 /* main.m */,
			);
			path = "弹出全屏的自定义View";
			sourceTree = "<group>";
		};
/* End PBXGroup section */

/* Begin PBXNativeTarget section */
		04EF4B36204FC84300165762 /* 弹出全屏的自定义View */ = {
			isa = PBXNativeTarget;
			buildConfigurationList = 04EF4B4D204FC84300165762 /* Build configuration list for PBXNativeTarget "弹出全屏的自定义View" */;
			buildPhases = (
				04EF4B33204FC84300165762 /* Sources */,
				04EF4B34204FC84300165762 /* Frameworks */,
				04EF4B35204FC84300165762 /* Resources */,
			);
			buildRules = (
			);
			dependencies = (
			);
			name = "弹出全屏的自定义View";
			productName = "弹出全屏的自定义View";
			productReference = 04EF4B37204FC84300165762 /* 弹出全屏的自定义View.app */;
			productType = "com.apple.product-type.application";
		};
/* End PBXNativeTarget section */

/* Begin PBXProject section */
		04EF4B2F204FC84300165762 /* Project object */ = {
			isa = PBXProject;
			attributes = {
				LastUpgradeCheck = 0920;
				ORGANIZATIONNAME = mac;
				TargetAttributes = {
					04EF4B36204FC84300165762 = {
						CreatedOnToolsVersion = 9.2;
						ProvisioningStyle = Automatic;
					};
				};
			};
			buildConfigurationList = 04EF4B32204FC84300165762 /* Build configuration list for PBXProject "弹出全屏的自定义View" */;
			compatibilityVersion = "Xcode 8.0";
			developmentRegion = en;
			hasScannedForEncodings = 0;
			knownRegions = (
				en,
				Base,
			);
			mainGroup = 04EF4B2E204FC84300165762;
			productRefGroup = 04EF4B38204FC84300165762 /* Products */;
			projectDirPath = "";
			projectRoot = "";
			targets = (
				04EF4B36204FC84300165762 /* 弹出全屏的自定义View */,
			);
		};
/* End PBXProject section */

/* Begin PBXResourcesBuildPhase section */
		04EF4B35204FC84300165762 /* Resources */ = {
			isa = PBXResourcesBuildPhase;
			buildActionMask = 2147483647;
			files = (
				04EF4B47204FC84300165762 /* LaunchScreen.storyboard in Resources */,
				04EF4B44204FC84300165762 /* Assets.xcassets in Resources */,
				04EF4B42204FC84300165762 /* Main.storyboard in Resources */,
			);
			runOnlyForDeploymentPostprocessing = 0;
		};
/* End PBXResourcesBuildPhase section */

/* Begin PBXSourcesBuildPhase section */
		04EF4B33204FC84300165762 /* Sources */ = {
			isa = PBXSourcesBuildPhase;
			buildActionMask = 2147483647;
			files = (
				04EF4B3F204FC84300165762 /* ViewController.m in Sources */,
				04EF4B4A204FC84300165762 /* main.m in Sources */,
				04EF4B3C204FC84300165762 /* AppDelegate.m in Sources */,
			);
			runOnlyForDeploymentPostprocessing = 0;
		};
/* End PBXSourcesBuildPhase section */

/* Begin PBXVariantGroup section */
		04EF4B40204FC84300165762 /* Main.storyboard */ = {
			isa = PBXVariantGroup;
			children = (
				04EF4B41204FC84300165762 /* Base */,
			);
			name = Main.storyboard;
			sourceTree = "<group>";
		};
		04EF4B45204FC84300165762 /* LaunchScreen.storyboard */ = {
			isa = PBXVariantGroup;
			children = (
				04EF4B46204FC84300165762 /* Base */,
			);
			name = LaunchScreen.storyboard;
			sourceTree = "<group>";
		};
/* End PBXVariantGroup section */

/* Begin XCBuildConfiguration section */
		04EF4B4B204FC84300165762 /* Debug */ = {
			isa = XCBuildConfiguration;
			buildSettings = {
				ALWAYS_SEARCH_USER_PATHS = NO;
				CLANG_ANALYZER_NONNULL = YES;
				CLANG_ANALYZER_NUMBER_OBJECT_CONVERSION = YES_AGGRESSIVE;
				CLANG_CXX_LANGUAGE_STANDARD = "gnu++14";
				CLANG_CXX_LIBRARY = "libc++";
				CLANG_ENABLE_MODULES = YES;
				CLANG_ENABLE_OBJC_ARC = YES;
				CLANG_WARN_BLOCK_CAPTURE_AUTORELEASING = YES;
				CLANG_WARN_BOOL_CONVERSION = YES;
				CLANG_WARN_COMMA = YES;
				CLANG_WARN_CONSTANT_CONVERSION = YES;
				CLANG_WARN_DIRECT_OBJC_ISA_USAGE = YES_ERROR;
				CLANG_WARN_DOCUMENTATION_COMMENTS = YES;
				CLANG_WARN_EMPTY_BODY = YES;
				CLANG_WARN_ENUM_CONVERSION = YES;
				CLANG_WARN_INFINITE_RECURSION = YES;
				CLANG_WARN_INT_CONVERSION = YES;
				CLANG_WARN_NON_LITERAL_NULL_CONVERSION = YES;
				CLANG_WARN_OBJC_LITERAL_CONVERSION = YES;
				CLANG_WARN_OBJC_ROOT_CLASS = YES_ERROR;
				CLANG_WARN_RANGE_LOOP_ANALYSIS = YES;
				CLANG_WARN_STRICT_PROTOTYPES = YES;
				CLANG_WARN_SUSPICIOUS_MOVE = YES;
				CLANG_WARN_UNGUARDED_AVAILABILITY = YES_AGGRESSIVE;
				CLANG_WARN_UNREACHABLE_CODE = YES;
				CLANG_WARN__DUPLICATE_METHOD_MATCH = YES;
				CODE_SIGN_IDENTITY = "iPhone Developer";
				COPY_PHASE_STRIP = NO;
				DEBUG_INFORMATION_FORMAT = dwarf;
				ENABLE_STRICT_OBJC_MSGSEND = YES;
				ENABLE_TESTABILITY = YES;
				GCC_C_LANGUAGE_STANDARD = gnu11;
				GCC_DYNAMIC_NO_PIC = NO;
				GCC_NO_COMMON_BLOCKS = YES;
				GCC_OPTIMIZATION_LEVEL = 0;
				GCC_PREPROCESSOR_DEFINITIONS = (
					"DEBUG=1",
					"$(inherited)",
				);
				GCC_WARN_64_TO_32_BIT_CONVERSION = YES;
				GCC_WARN_ABOUT_RETURN_TYPE = YES_ERROR;
				GCC_WARN_UNDECLARED_SELECTOR = YES;
				GCC_WARN_UNINITIALIZED_AUTOS = YES_AGGRESSIVE;
				GCC_WARN_UNUSED_FUNCTION = YES;
				GCC_WARN_UNUSED_VARIABLE = YES;
				IPHONEOS_DEPLOYMENT_TARGET = 11.2;
				MTL_ENABLE_DEBUG_INFO = YES;
				ONLY_ACTIVE_ARCH = YES;
				SDKROOT = iphoneos;
			};
			name = Debug;
		};
		04EF4B4C204FC84300165762 /* Release */ = {
			isa = XCBuildConfiguration;
			buildSettings = {
				ALWAYS_SEARCH_USER_PATHS = NO;
				CLANG_ANALYZER_NONNULL = YES;
				CLANG_ANALYZER_NUMBER_OBJECT_CONVERSION = YES_AGGRESSIVE;
				CLANG_CXX_LANGUAGE_STANDARD = "gnu++14";
				CLANG_CXX_LIBRARY = "libc++";
				CLANG_ENABLE_MODULES = YES;
				CLANG_ENABLE_OBJC_ARC = YES;
				CLANG_WARN_BLOCK_CAPTURE_AUTORELEASING = YES;
				CLANG_WARN_BOOL_CONVERSION = YES;
				CLANG_WARN_COMMA = YES;
				CLANG_WARN_CONSTANT_CONVERSION = YES;
				CLANG_WARN_DIRECT_OBJC_ISA_USAGE = YES_ERROR;
				CLANG_WARN_DOCUMENTATION_COMMENTS = YES;
				CLANG_WARN_EMPTY_BODY = YES;
				CLANG_WARN_ENUM_CONVERSION = YES;
				CLANG_WARN_INFINITE_RECURSION = YES;
				CLANG_WARN_INT_CONVERSION = YES;
				CLANG_WARN_NON_LITERAL_NULL_CONVERSION = YES;
				CLANG_WARN_OBJC_LITERAL_CONVERSION = YES;
				CLANG_WARN_OBJC_ROOT_CLASS = YES_ERROR;
				CLANG_WARN_RANGE_LOOP_ANALYSIS = YES;
				CLANG_WARN_STRICT_PROTOTYPES = YES;
				CLANG_WARN_SUSPICIOUS_MOVE = YES;
				CLANG_WARN_UNGUARDED_AVAILABILITY = YES_AGGRESSIVE;
				CLANG_WARN_UNREACHABLE_CODE = YES;
				CLANG_WARN__DUPLICATE_METHOD_MATCH = YES;
				CODE_SIGN_IDENTITY = "iPhone Developer";
				COPY_PHASE_STRIP = NO;
				DEBUG_INFORMATION_FORMAT = "dwarf-with-dsym";
				ENABLE_NS_ASSERTIONS = NO;
				ENABLE_STRICT_OBJC_MSGSEND = YES;
				GCC_C_LANGUAGE_STANDARD = gnu11;
				GCC_NO_COMMON_BLOCKS = YES;
				GCC_WARN_64_TO_32_BIT_CONVERSION = YES;
				GCC_WARN_ABOUT_RETURN_TYPE = YES_ERROR;
				GCC_WARN_UNDECLARED_SELECTOR = YES;
				GCC_WARN_UNINITIALIZED_AUTOS = YES_AGGRESSIVE;
				GCC_WARN_UNUSED_FUNCTION = YES;
				GCC_WARN_UNUSED_VARIABLE = YES;
				IPHONEOS_DEPLOYMENT_TARGET = 11.2;
				MTL_ENABLE_DEBUG_INFO = NO;
				SDKROOT = iphoneos;
				VALIDATE_PRODUCT = YES;
			};
			name = Release;
		};
		04EF4B4E204FC84300165762 /* Debug */ = {
			isa = XCBuildConfiguration;
			buildSettings = {
				ASSETCATALOG_COMPILER_APPICON_NAME = AppIcon;
				CODE_SIGN_STYLE = Automatic;
				INFOPLIST_FILE = "弹出全屏的自定义View/Info.plist";
				LD_RUNPATH_SEARCH_PATHS = "$(inherited) @executable_path/Frameworks";
				PRODUCT_BUNDLE_IDENTIFIER = "dapChina.--------View";
				PRODUCT_NAME = "$(TARGET_NAME)";
				TARGETED_DEVICE_FAMILY = "1,2";
			};
			name = Debug;
		};
		04EF4B4F204FC84300165762 /* Release */ = {
			isa = XCBuildConfiguration;
			buildSettings = {
				ASSETCATALOG_COMPILER_APPICON_NAME = AppIcon;
				CODE_SIGN_STYLE = Automatic;
				INFOPLIST_FILE = "弹出全屏的自定义View/Info.plist";
				LD_RUNPATH_SEARCH_PATHS = "$(inherited) @executable_path/Frameworks";
				PRODUCT_BUNDLE_IDENTIFIER = "dapChina.--------View";
				PRODUCT_NAME = "$(TARGET_NAME)";
				TARGETED_DEVICE_FAMILY = "1,2";
			};
			name = Release;
		};
/* End XCBuildConfiguration section */

/* Begin XCConfigurationList section */
		04EF4B32204FC84300165762 /* Build configuration list for PBXProject "弹出全屏的自定义View" */ = {
			isa = XCConfigurationList;
			buildConfigurations = (
				04EF4B4B204FC84300165762 /* Debug */,
				04EF4B4C204FC84300165762 /* Release */,
			);
			defaultConfigurationIsVisible = 0;
			defaultConfigurationName = Release;
		};
		04EF4B4D204FC84300165762 /* Build configuration list for PBXNativeTarget "弹出全屏的自定义View" */ = {
			isa = XCConfigurationList;
			buildConfigurations = (
				04EF4B4E204FC84300165762 /* Debug */,
				04EF4B4F204FC84300165762 /* Release */,
			);
			defaultConfigurationIsVisible = 0;
			defaultConfigurationName = Release;
		};
/* End XCConfigurationList section */
	};
	rootObject = 04EF4B2F204FC84300165762 /* Project object */;
}
